
Microsoft Visual Studio Solution File, Format Version 12.00
# Visual Studio 14
VisualStudioVersion = 14.0.25420.1
MinimumVisualStudioVersion = 10.0.40219.1
Project("{FAE04EC0-301F-11D3-BF4B-00C04F79EFBC}") = "Movies.Android", "Movies\Movies.Android\Movies.Android.csproj", "{4AA3D55E-924A-42F8-BFD3-DCAF97AF5C40}"
EndProject
Project("{D954291E-2A0B-460D-934E-DC6B0785DB48}") = "Movies", "Movies\Movies\Movies.shproj", "{C02065F5-0065-4EAA-BAFF-E8C522C0F52B}"
EndProject
Project("{FAE04EC0-301F-11D3-BF4B-00C04F79EFBC}") = "Movies.iOS", "Movies\Movies.iOS\Movies.iOS.csproj", "{5C9F4534-31F4-4CA2-AF8C-15BABC22A931}"
EndProject
Global
	GlobalSection(SharedMSBuildProjectFiles) = preSolution
		Movies\Movies\Movies.projitems*{c02065f5-0065-4eaa-baff-e8c522c0f52b}*SharedItemsImports = 13
	EndGlobalSection
	GlobalSection(SolutionConfigurationPlatforms) = preSolution
		Debug|Any CPU = Debug|Any CPU
		Debug|iPhone = Debug|iPhone
		Debug|iPhoneSimulator = Debug|iPhoneSimulator
		Release|Any CPU = Release|Any CPU
		Release|iPhone = Release|iPhone
		Release|iPhoneSimulator = Release|iPhoneSimulator
	EndGlobalSection
	GlobalSection(ProjectConfigurationPlatforms) = postSolution
		{4AA3D55E-924A-42F8-BFD3-DCAF97AF5C40}.Debug|Any CPU.ActiveCfg = Debug|Any CPU
		{4AA3D55E-924A-42F8-BFD3-DCAF97AF5C40}.Debug|Any CPU.Build.0 = Debug|Any CPU
		{4AA3D55E-924A-42F8-BFD3-DCAF97AF5C40}.Debug|Any CPU.Deploy.0 = Debug|Any CPU
		{4AA3D55E-924A-42F8-BFD3-DCAF97AF5C40}.Debug|iPhone.ActiveCfg = Debug|Any CPU
		{4AA3D55E-924A-42F8-BFD3-DCAF97AF5C40}.Debug|iPhone.Build.0 = Debug|Any CPU
		{4AA3D55E-924A-42F8-BFD3-DCAF97AF5C40}.Debug|iPhone.Deploy.0 = Debug|Any CPU
		{4AA3D55E-924A-42F8-BFD3-DCAF97AF5C40}.Debug|iPhoneSimulator.ActiveCfg = Debug|Any CPU
		{4AA3D55E-924A-42F8-BFD3-DCAF97AF5C40}.Debug|iPhoneSimulator.Build.0 = Debug|Any CPU
		{4AA3D55E-924A-42F8-BFD3-DCAF97AF5C40}.Debug|iPhoneSimulator.Deploy.0 = Debug|Any CPU
		{4AA3D55E-924A-42F8-BFD3-DCAF97AF5C40}.Release|Any CPU.ActiveCfg = Release|Any CPU
		{4AA3D55E-924A-42F8-BFD3-DCAF97AF5C40}.Release|Any CPU.Build.0 = Release|Any CPU
		{4AA3D55E-924A-42F8-BFD3-DCAF97AF5C40}.Release|Any CPU.Deploy.0 = Release|Any CPU
		{4AA3D55E-924A-42F8-BFD3-DCAF97AF5C40}.Release|iPhone.ActiveCfg = Release|Any CPU
		{4AA3D55E-924A-42F8-BFD3-DCAF97AF5C40}.Release|iPhone.Build.0 = Release|Any CPU
		{4AA3D55E-924A-42F8-BFD3-DCAF97AF5C40}.Release|iPhone.Deploy.0 = Release|Any CPU
		{4AA3D55E-924A-42F8-BFD3-DCAF97AF5C40}.Release|iPhoneSimulator.ActiveCfg = Release|Any CPU
		{4AA3D55E-924A-42F8-BFD3-DCAF97AF5C40}.Release|iPhoneSimulator.Build.0 = Release|Any CPU
		{4AA3D55E-924A-42F8-BFD3-DCAF97AF5C40}.Release|iPhoneSimulator.Deploy.0 = Release|Any CPU
		{5C9F4534-31F4-4CA2-AF8C-15BABC22A931}.Debug|Any CPU.ActiveCfg = Debug|iPhoneSimulator
		{5C9F4534-31F4-4CA2-AF8C-15BABC22A931}.Debug|Any CPU.Build.0 = Debug|iPhoneSimulator
		{5C9F4534-31F4-4CA2-AF8C-15BABC22A931}.Debug|iPhone.ActiveCfg = Debug|iPhone
		{5C9F4534-31F4-4CA2-AF8C-15BABC22A931}.Debug|iPhone.Build.0 = Debug|iPhone
		{5C9F4534-31F4-4CA2-AF8C-15BABC22A931}.Debug|iPhoneSimulator.ActiveCfg = Debug|iPhoneSimulator
		{5C9F4534-31F4-4CA2-AF8C-15BABC22A931}.Debug|iPhoneSimulator.Build.0 = Debug|iPhoneSimulator
		{5C9F4534-31F4-4CA2-AF8C-15BABC22A931}.Release|Any CPU.ActiveCfg = Release|iPhone
		{5C9F4534-31F4-4CA2-AF8C-15BABC22A931}.Release|Any CPU.Build.0 = Release|iPhone
		{5C9F4534-31F4-4CA2-AF8C-15BABC22A931}.Release|iPhone.ActiveCfg = Release|iPhone
		{5C9F4534-31F4-4CA2-AF8C-15BABC22A931}.Release|iPhone.Build.0 = Release|iPhone
		{5C9F4534-31F4-4CA2-AF8C-15BABC22A931}.Release|iPhoneSimulator.ActiveCfg = Release|iPhoneSimulator
		{5C9F4534-31F4-4CA2-AF8C-15BABC22A931}.Release|iPhoneSimulator.Build.0 = Release|iPhoneSimulator
	EndGlobalSection
	GlobalSection(SolutionProperties) = preSolution
		HideSolutionNode = FALSE
	EndGlobalSection
EndGlobal
