
Microsoft Visual Studio Solution File, Format Version 12.00
# Visual Studio 14
VisualStudioVersion = 14.0.25420.1
MinimumVisualStudioVersion = 10.0.40219.1
Project("{FAE04EC0-301F-11D3-BF4B-00C04F79EFBC}") = "Movies.Android", "Movies\Movies.Android\Movies.Android.csproj", "{4AA3D55E-924A-42F8-BFD3-DCAF97AF5C40}"
EndProject
Project("{D954291E-2A0B-460D-934E-DC6B0785DB48}") = "Movies", "Movies\Movies\Movies.shproj", "{C02065F5-0065-4EAA-BAFF-E8C522C0F52B}"
EndProject
Project("{FAE04EC0-301F-11D3-BF4B-00C04F79EFBC}") = "Movies.iOS", "Movies\Movies.iOS\Movies.iOS.csproj", "{5C9F4534-31F4-4CA2-AF8C-15BABC22A931}"
EndProject
Project("{FAE04EC0-301F-11D3-BF4B-00C04F79EFBC}") = "Movies.UWP", "Movies\Movies.UWP\Movies.UWP.csproj", "{373BE267-8218-45D1-A055-E1B64D7D8060}"
EndProject
Global
	GlobalSection(SharedMSBuildProjectFiles) = preSolution
		Movies\Movies\Movies.projitems*{373be267-8218-45d1-a055-e1b64d7d8060}*SharedItemsImports = 4
		Movies\Movies\Movies.projitems*{4aa3d55e-924a-42f8-bfd3-dcaf97af5c40}*SharedItemsImports = 4
		Movies\Movies\Movies.projitems*{5c9f4534-31f4-4ca2-af8c-15babc22a931}*SharedItemsImports = 4
		Movies\Movies\Movies.projitems*{c02065f5-0065-4eaa-baff-e8c522c0f52b}*SharedItemsImports = 13
	EndGlobalSection
	GlobalSection(SolutionConfigurationPlatforms) = preSolution
		Debug|Any CPU = Debug|Any CPU
		Debug|ARM = Debug|ARM
		Debug|iPhone = Debug|iPhone
		Debug|iPhoneSimulator = Debug|iPhoneSimulator
		Debug|x64 = Debug|x64
		Debug|x86 = Debug|x86
		Release|Any CPU = Release|Any CPU
		Release|ARM = Release|ARM
		Release|iPhone = Release|iPhone
		Release|iPhoneSimulator = Release|iPhoneSimulator
		Release|x64 = Release|x64
		Release|x86 = Release|x86
	EndGlobalSection
	GlobalSection(ProjectConfigurationPlatforms) = postSolution
		{4AA3D55E-924A-42F8-BFD3-DCAF97AF5C40}.Debug|Any CPU.ActiveCfg = Debug|Any CPU
		{4AA3D55E-924A-42F8-BFD3-DCAF97AF5C40}.Debug|Any CPU.Build.0 = Debug|Any CPU
		{4AA3D55E-924A-42F8-BFD3-DCAF97AF5C40}.Debug|Any CPU.Deploy.0 = Debug|Any CPU
		{4AA3D55E-924A-42F8-BFD3-DCAF97AF5C40}.Debug|ARM.ActiveCfg = Debug|Any CPU
		{4AA3D55E-924A-42F8-BFD3-DCAF97AF5C40}.Debug|ARM.Build.0 = Debug|Any CPU
		{4AA3D55E-924A-42F8-BFD3-DCAF97AF5C40}.Debug|ARM.Deploy.0 = Debug|Any CPU
		{4AA3D55E-924A-42F8-BFD3-DCAF97AF5C40}.Debug|iPhone.ActiveCfg = Debug|Any CPU
		{4AA3D55E-924A-42F8-BFD3-DCAF97AF5C40}.Debug|iPhone.Build.0 = Debug|Any CPU
		{4AA3D55E-924A-42F8-BFD3-DCAF97AF5C40}.Debug|iPhone.Deploy.0 = Debug|Any CPU
		{4AA3D55E-924A-42F8-BFD3-DCAF97AF5C40}.Debug|iPhoneSimulator.ActiveCfg = Debug|Any CPU
		{4AA3D55E-924A-42F8-BFD3-DCAF97AF5C40}.Debug|iPhoneSimulator.Build.0 = Debug|Any CPU
		{4AA3D55E-924A-42F8-BFD3-DCAF97AF5C40}.Debug|iPhoneSimulator.Deploy.0 = Debug|Any CPU
		{4AA3D55E-924A-42F8-BFD3-DCAF97AF5C40}.Debug|x64.ActiveCfg = Debug|Any CPU
		{4AA3D55E-924A-42F8-BFD3-DCAF97AF5C40}.Debug|x64.Build.0 = Debug|Any CPU
		{4AA3D55E-924A-42F8-BFD3-DCAF97AF5C40}.Debug|x64.Deploy.0 = Debug|Any CPU
		{4AA3D55E-924A-42F8-BFD3-DCAF97AF5C40}.Debug|x86.ActiveCfg = Debug|Any CPU
		{4AA3D55E-924A-42F8-BFD3-DCAF97AF5C40}.Debug|x86.Build.0 = Debug|Any CPU
		{4AA3D55E-924A-42F8-BFD3-DCAF97AF5C40}.Debug|x86.Deploy.0 = Debug|Any CPU
		{4AA3D55E-924A-42F8-BFD3-DCAF97AF5C40}.Release|Any CPU.ActiveCfg = Release|Any CPU
		{4AA3D55E-924A-42F8-BFD3-DCAF97AF5C40}.Release|Any CPU.Build.0 = Release|Any CPU
		{4AA3D55E-924A-42F8-BFD3-DCAF97AF5C40}.Release|Any CPU.Deploy.0 = Release|Any CPU
		{4AA3D55E-924A-42F8-BFD3-DCAF97AF5C40}.Release|ARM.ActiveCfg = Release|Any CPU
		{4AA3D55E-924A-42F8-BFD3-DCAF97AF5C40}.Release|ARM.Build.0 = Release|Any CPU
		{4AA3D55E-924A-42F8-BFD3-DCAF97AF5C40}.Release|ARM.Deploy.0 = Release|Any CPU
		{4AA3D55E-924A-42F8-BFD3-DCAF97AF5C40}.Release|iPhone.ActiveCfg = Release|Any CPU
		{4AA3D55E-924A-42F8-BFD3-DCAF97AF5C40}.Release|iPhone.Build.0 = Release|Any CPU
		{4AA3D55E-924A-42F8-BFD3-DCAF97AF5C40}.Release|iPhone.Deploy.0 = Release|Any CPU
		{4AA3D55E-924A-42F8-BFD3-DCAF97AF5C40}.Release|iPhoneSimulator.ActiveCfg = Release|Any CPU
		{4AA3D55E-924A-42F8-BFD3-DCAF97AF5C40}.Release|iPhoneSimulator.Build.0 = Release|Any CPU
		{4AA3D55E-924A-42F8-BFD3-DCAF97AF5C40}.Release|iPhoneSimulator.Deploy.0 = Release|Any CPU
		{4AA3D55E-924A-42F8-BFD3-DCAF97AF5C40}.Release|x64.ActiveCfg = Release|Any CPU
		{4AA3D55E-924A-42F8-BFD3-DCAF97AF5C40}.Release|x64.Build.0 = Release|Any CPU
		{4AA3D55E-924A-42F8-BFD3-DCAF97AF5C40}.Release|x64.Deploy.0 = Release|Any CPU
		{4AA3D55E-924A-42F8-BFD3-DCAF97AF5C40}.Release|x86.ActiveCfg = Release|Any CPU
		{4AA3D55E-924A-42F8-BFD3-DCAF97AF5C40}.Release|x86.Build.0 = Release|Any CPU
		{4AA3D55E-924A-42F8-BFD3-DCAF97AF5C40}.Release|x86.Deploy.0 = Release|Any CPU
		{5C9F4534-31F4-4CA2-AF8C-15BABC22A931}.Debug|Any CPU.ActiveCfg = Debug|iPhoneSimulator
		{5C9F4534-31F4-4CA2-AF8C-15BABC22A931}.Debug|Any CPU.Build.0 = Debug|iPhoneSimulator
		{5C9F4534-31F4-4CA2-AF8C-15BABC22A931}.Debug|ARM.ActiveCfg = Debug|iPhone
		{5C9F4534-31F4-4CA2-AF8C-15BABC22A931}.Debug|iPhone.ActiveCfg = Debug|iPhone
		{5C9F4534-31F4-4CA2-AF8C-15BABC22A931}.Debug|iPhone.Build.0 = Debug|iPhone
		{5C9F4534-31F4-4CA2-AF8C-15BABC22A931}.Debug|iPhoneSimulator.ActiveCfg = Debug|iPhoneSimulator
		{5C9F4534-31F4-4CA2-AF8C-15BABC22A931}.Debug|iPhoneSimulator.Build.0 = Debug|iPhoneSimulator
		{5C9F4534-31F4-4CA2-AF8C-15BABC22A931}.Debug|x64.ActiveCfg = Debug|iPhone
		{5C9F4534-31F4-4CA2-AF8C-15BABC22A931}.Debug|x86.ActiveCfg = Debug|iPhone
		{5C9F4534-31F4-4CA2-AF8C-15BABC22A931}.Release|Any CPU.ActiveCfg = Release|iPhone
		{5C9F4534-31F4-4CA2-AF8C-15BABC22A931}.Release|Any CPU.Build.0 = Release|iPhone
		{5C9F4534-31F4-4CA2-AF8C-15BABC22A931}.Release|ARM.ActiveCfg = Release|iPhoneSimulator
		{5C9F4534-31F4-4CA2-AF8C-15BABC22A931}.Release|iPhone.ActiveCfg = Release|iPhone
		{5C9F4534-31F4-4CA2-AF8C-15BABC22A931}.Release|iPhone.Build.0 = Release|iPhone
		{5C9F4534-31F4-4CA2-AF8C-15BABC22A931}.Release|iPhoneSimulator.ActiveCfg = Release|iPhoneSimulator
		{5C9F4534-31F4-4CA2-AF8C-15BABC22A931}.Release|iPhoneSimulator.Build.0 = Release|iPhoneSimulator
		{5C9F4534-31F4-4CA2-AF8C-15BABC22A931}.Release|x64.ActiveCfg = Release|iPhoneSimulator
		{5C9F4534-31F4-4CA2-AF8C-15BABC22A931}.Release|x86.ActiveCfg = Release|iPhoneSimulator
		{373BE267-8218-45D1-A055-E1B64D7D8060}.Debug|Any CPU.ActiveCfg = Debug|x86
		{373BE267-8218-45D1-A055-E1B64D7D8060}.Debug|ARM.ActiveCfg = Debug|ARM
		{373BE267-8218-45D1-A055-E1B64D7D8060}.Debug|ARM.Build.0 = Debug|ARM
		{373BE267-8218-45D1-A055-E1B64D7D8060}.Debug|ARM.Deploy.0 = Debug|ARM
		{373BE267-8218-45D1-A055-E1B64D7D8060}.Debug|iPhone.ActiveCfg = Debug|x86
		{373BE267-8218-45D1-A055-E1B64D7D8060}.Debug|iPhoneSimulator.ActiveCfg = Debug|x86
		{373BE267-8218-45D1-A055-E1B64D7D8060}.Debug|x64.ActiveCfg = Debug|x64
		{373BE267-8218-45D1-A055-E1B64D7D8060}.Debug|x64.Build.0 = Debug|x64
		{373BE267-8218-45D1-A055-E1B64D7D8060}.Debug|x64.Deploy.0 = Debug|x64
		{373BE267-8218-45D1-A055-E1B64D7D8060}.Debug|x86.ActiveCfg = Debug|x86
		{373BE267-8218-45D1-A055-E1B64D7D8060}.Debug|x86.Build.0 = Debug|x86
		{373BE267-8218-45D1-A055-E1B64D7D8060}.Debug|x86.Deploy.0 = Debug|x86
		{373BE267-8218-45D1-A055-E1B64D7D8060}.Release|Any CPU.ActiveCfg = Release|x86
		{373BE267-8218-45D1-A055-E1B64D7D8060}.Release|ARM.ActiveCfg = Release|ARM
		{373BE267-8218-45D1-A055-E1B64D7D8060}.Release|ARM.Build.0 = Release|ARM
		{373BE267-8218-45D1-A055-E1B64D7D8060}.Release|ARM.Deploy.0 = Release|ARM
		{373BE267-8218-45D1-A055-E1B64D7D8060}.Release|iPhone.ActiveCfg = Release|x86
		{373BE267-8218-45D1-A055-E1B64D7D8060}.Release|iPhoneSimulator.ActiveCfg = Release|x86
		{373BE267-8218-45D1-A055-E1B64D7D8060}.Release|x64.ActiveCfg = Release|x64
		{373BE267-8218-45D1-A055-E1B64D7D8060}.Release|x64.Build.0 = Release|x64
		{373BE267-8218-45D1-A055-E1B64D7D8060}.Release|x64.Deploy.0 = Release|x64
		{373BE267-8218-45D1-A055-E1B64D7D8060}.Release|x86.ActiveCfg = Release|x86
		{373BE267-8218-45D1-A055-E1B64D7D8060}.Release|x86.Build.0 = Release|x86
		{373BE267-8218-45D1-A055-E1B64D7D8060}.Release|x86.Deploy.0 = Release|x86
	EndGlobalSection
	GlobalSection(SolutionProperties) = preSolution
		HideSolutionNode = FALSE
	EndGlobalSection
EndGlobal
