
Microsoft Visual Studio Solution File, Format Version 12.00
# Visual Studio 14
VisualStudioVersion = 14.0.25420.1
MinimumVisualStudioVersion = 10.0.40219.1
Project("{FAE04EC0-301F-11D3-BF4B-00C04F79EFBC}") = "myReddit", "myReddit\myReddit\myReddit.csproj", "{D0B69C8D-7807-47B0-ACFB-F603B9AC3D39}"
EndProject
Project("{FAE04EC0-301F-11D3-BF4B-00C04F79EFBC}") = "myReddit.Droid", "myReddit\myReddit.Droid\myReddit.Droid.csproj", "{200705C5-6B26-4F97-BD41-1BA4BF322C1B}"
EndProject
Project("{FAE04EC0-301F-11D3-BF4B-00C04F79EFBC}") = "myReddit.iOS", "myReddit\myReddit.iOS\myReddit.iOS.csproj", "{3DB4AC64-06B1-42AD-8E78-5731B85D6384}"
EndProject
Project("{FAE04EC0-301F-11D3-BF4B-00C04F79EFBC}") = "myReddit.UWP", "myReddit\myReddit.UWP\myReddit.UWP.csproj", "{839A0A72-23D0-491A-9F27-E7FAAB1BD124}"
EndProject
Global
	GlobalSection(SolutionConfigurationPlatforms) = preSolution
		Ad-Hoc|Any CPU = Ad-Hoc|Any CPU
		Ad-Hoc|ARM = Ad-Hoc|ARM
		Ad-Hoc|iPhone = Ad-Hoc|iPhone
		Ad-Hoc|iPhoneSimulator = Ad-Hoc|iPhoneSimulator
		Ad-Hoc|x64 = Ad-Hoc|x64
		Ad-Hoc|x86 = Ad-Hoc|x86
		AppStore|Any CPU = AppStore|Any CPU
		AppStore|ARM = AppStore|ARM
		AppStore|iPhone = AppStore|iPhone
		AppStore|iPhoneSimulator = AppStore|iPhoneSimulator
		AppStore|x64 = AppStore|x64
		AppStore|x86 = AppStore|x86
		Debug|Any CPU = Debug|Any CPU
		Debug|ARM = Debug|ARM
		Debug|iPhone = Debug|iPhone
		Debug|iPhoneSimulator = Debug|iPhoneSimulator
		Debug|x64 = Debug|x64
		Debug|x86 = Debug|x86
		Release|Any CPU = Release|Any CPU
		Release|ARM = Release|ARM
		Release|iPhone = Release|iPhone
		Release|iPhoneSimulator = Release|iPhoneSimulator
		Release|x64 = Release|x64
		Release|x86 = Release|x86
	EndGlobalSection
	GlobalSection(ProjectConfigurationPlatforms) = postSolution
		{D0B69C8D-7807-47B0-ACFB-F603B9AC3D39}.Ad-Hoc|Any CPU.ActiveCfg = Release|Any CPU
		{D0B69C8D-7807-47B0-ACFB-F603B9AC3D39}.Ad-Hoc|Any CPU.Build.0 = Release|Any CPU
		{D0B69C8D-7807-47B0-ACFB-F603B9AC3D39}.Ad-Hoc|ARM.ActiveCfg = Release|Any CPU
		{D0B69C8D-7807-47B0-ACFB-F603B9AC3D39}.Ad-Hoc|ARM.Build.0 = Release|Any CPU
		{D0B69C8D-7807-47B0-ACFB-F603B9AC3D39}.Ad-Hoc|iPhone.ActiveCfg = Release|Any CPU
		{D0B69C8D-7807-47B0-ACFB-F603B9AC3D39}.Ad-Hoc|iPhone.Build.0 = Release|Any CPU
		{D0B69C8D-7807-47B0-ACFB-F603B9AC3D39}.Ad-Hoc|iPhoneSimulator.ActiveCfg = Release|Any CPU
		{D0B69C8D-7807-47B0-ACFB-F603B9AC3D39}.Ad-Hoc|iPhoneSimulator.Build.0 = Release|Any CPU
		{D0B69C8D-7807-47B0-ACFB-F603B9AC3D39}.Ad-Hoc|x64.ActiveCfg = Release|Any CPU
		{D0B69C8D-7807-47B0-ACFB-F603B9AC3D39}.Ad-Hoc|x64.Build.0 = Release|Any CPU
		{D0B69C8D-7807-47B0-ACFB-F603B9AC3D39}.Ad-Hoc|x86.ActiveCfg = Release|Any CPU
		{D0B69C8D-7807-47B0-ACFB-F603B9AC3D39}.Ad-Hoc|x86.Build.0 = Release|Any CPU
		{D0B69C8D-7807-47B0-ACFB-F603B9AC3D39}.AppStore|Any CPU.ActiveCfg = Release|Any CPU
		{D0B69C8D-7807-47B0-ACFB-F603B9AC3D39}.AppStore|Any CPU.Build.0 = Release|Any CPU
		{D0B69C8D-7807-47B0-ACFB-F603B9AC3D39}.AppStore|ARM.ActiveCfg = Release|Any CPU
		{D0B69C8D-7807-47B0-ACFB-F603B9AC3D39}.AppStore|ARM.Build.0 = Release|Any CPU
		{D0B69C8D-7807-47B0-ACFB-F603B9AC3D39}.AppStore|iPhone.ActiveCfg = Release|Any CPU
		{D0B69C8D-7807-47B0-ACFB-F603B9AC3D39}.AppStore|iPhone.Build.0 = Release|Any CPU
		{D0B69C8D-7807-47B0-ACFB-F603B9AC3D39}.AppStore|iPhoneSimulator.ActiveCfg = Release|Any CPU
		{D0B69C8D-7807-47B0-ACFB-F603B9AC3D39}.AppStore|iPhoneSimulator.Build.0 = Release|Any CPU
		{D0B69C8D-7807-47B0-ACFB-F603B9AC3D39}.AppStore|x64.ActiveCfg = Release|Any CPU
		{D0B69C8D-7807-47B0-ACFB-F603B9AC3D39}.AppStore|x64.Build.0 = Release|Any CPU
		{D0B69C8D-7807-47B0-ACFB-F603B9AC3D39}.AppStore|x86.ActiveCfg = Release|Any CPU
		{D0B69C8D-7807-47B0-ACFB-F603B9AC3D39}.AppStore|x86.Build.0 = Release|Any CPU
		{D0B69C8D-7807-47B0-ACFB-F603B9AC3D39}.Debug|Any CPU.ActiveCfg = Debug|Any CPU
		{D0B69C8D-7807-47B0-ACFB-F603B9AC3D39}.Debug|Any CPU.Build.0 = Debug|Any CPU
		{D0B69C8D-7807-47B0-ACFB-F603B9AC3D39}.Debug|ARM.ActiveCfg = Debug|Any CPU
		{D0B69C8D-7807-47B0-ACFB-F603B9AC3D39}.Debug|ARM.Build.0 = Debug|Any CPU
		{D0B69C8D-7807-47B0-ACFB-F603B9AC3D39}.Debug|iPhone.ActiveCfg = Debug|Any CPU
		{D0B69C8D-7807-47B0-ACFB-F603B9AC3D39}.Debug|iPhone.Build.0 = Debug|Any CPU
		{D0B69C8D-7807-47B0-ACFB-F603B9AC3D39}.Debug|iPhoneSimulator.ActiveCfg = Debug|Any CPU
		{D0B69C8D-7807-47B0-ACFB-F603B9AC3D39}.Debug|iPhoneSimulator.Build.0 = Debug|Any CPU
		{D0B69C8D-7807-47B0-ACFB-F603B9AC3D39}.Debug|x64.ActiveCfg = Debug|Any CPU
		{D0B69C8D-7807-47B0-ACFB-F603B9AC3D39}.Debug|x64.Build.0 = Debug|Any CPU
		{D0B69C8D-7807-47B0-ACFB-F603B9AC3D39}.Debug|x86.ActiveCfg = Debug|Any CPU
		{D0B69C8D-7807-47B0-ACFB-F603B9AC3D39}.Debug|x86.Build.0 = Debug|Any CPU
		{D0B69C8D-7807-47B0-ACFB-F603B9AC3D39}.Release|Any CPU.ActiveCfg = Release|Any CPU
		{D0B69C8D-7807-47B0-ACFB-F603B9AC3D39}.Release|Any CPU.Build.0 = Release|Any CPU
		{D0B69C8D-7807-47B0-ACFB-F603B9AC3D39}.Release|ARM.ActiveCfg = Release|Any CPU
		{D0B69C8D-7807-47B0-ACFB-F603B9AC3D39}.Release|ARM.Build.0 = Release|Any CPU
		{D0B69C8D-7807-47B0-ACFB-F603B9AC3D39}.Release|iPhone.ActiveCfg = Release|Any CPU
		{D0B69C8D-7807-47B0-ACFB-F603B9AC3D39}.Release|iPhone.Build.0 = Release|Any CPU
		{D0B69C8D-7807-47B0-ACFB-F603B9AC3D39}.Release|iPhoneSimulator.ActiveCfg = Release|Any CPU
		{D0B69C8D-7807-47B0-ACFB-F603B9AC3D39}.Release|iPhoneSimulator.Build.0 = Release|Any CPU
		{D0B69C8D-7807-47B0-ACFB-F603B9AC3D39}.Release|x64.ActiveCfg = Release|Any CPU
		{D0B69C8D-7807-47B0-ACFB-F603B9AC3D39}.Release|x64.Build.0 = Release|Any CPU
		{D0B69C8D-7807-47B0-ACFB-F603B9AC3D39}.Release|x86.ActiveCfg = Release|Any CPU
		{D0B69C8D-7807-47B0-ACFB-F603B9AC3D39}.Release|x86.Build.0 = Release|Any CPU
		{200705C5-6B26-4F97-BD41-1BA4BF322C1B}.Ad-Hoc|Any CPU.ActiveCfg = Release|Any CPU
		{200705C5-6B26-4F97-BD41-1BA4BF322C1B}.Ad-Hoc|Any CPU.Build.0 = Release|Any CPU
		{200705C5-6B26-4F97-BD41-1BA4BF322C1B}.Ad-Hoc|Any CPU.Deploy.0 = Release|Any CPU
		{200705C5-6B26-4F97-BD41-1BA4BF322C1B}.Ad-Hoc|ARM.ActiveCfg = Release|Any CPU
		{200705C5-6B26-4F97-BD41-1BA4BF322C1B}.Ad-Hoc|ARM.Build.0 = Release|Any CPU
		{200705C5-6B26-4F97-BD41-1BA4BF322C1B}.Ad-Hoc|ARM.Deploy.0 = Release|Any CPU
		{200705C5-6B26-4F97-BD41-1BA4BF322C1B}.Ad-Hoc|iPhone.ActiveCfg = Release|Any CPU
		{200705C5-6B26-4F97-BD41-1BA4BF322C1B}.Ad-Hoc|iPhone.Build.0 = Release|Any CPU
		{200705C5-6B26-4F97-BD41-1BA4BF322C1B}.Ad-Hoc|iPhone.Deploy.0 = Release|Any CPU
		{200705C5-6B26-4F97-BD41-1BA4BF322C1B}.Ad-Hoc|iPhoneSimulator.ActiveCfg = Release|Any CPU
		{200705C5-6B26-4F97-BD41-1BA4BF322C1B}.Ad-Hoc|iPhoneSimulator.Build.0 = Release|Any CPU
		{200705C5-6B26-4F97-BD41-1BA4BF322C1B}.Ad-Hoc|iPhoneSimulator.Deploy.0 = Release|Any CPU
		{200705C5-6B26-4F97-BD41-1BA4BF322C1B}.Ad-Hoc|x64.ActiveCfg = Release|Any CPU
		{200705C5-6B26-4F97-BD41-1BA4BF322C1B}.Ad-Hoc|x64.Build.0 = Release|Any CPU
		{200705C5-6B26-4F97-BD41-1BA4BF322C1B}.Ad-Hoc|x64.Deploy.0 = Release|Any CPU
		{200705C5-6B26-4F97-BD41-1BA4BF322C1B}.Ad-Hoc|x86.ActiveCfg = Release|Any CPU
		{200705C5-6B26-4F97-BD41-1BA4BF322C1B}.Ad-Hoc|x86.Build.0 = Release|Any CPU
		{200705C5-6B26-4F97-BD41-1BA4BF322C1B}.Ad-Hoc|x86.Deploy.0 = Release|Any CPU
		{200705C5-6B26-4F97-BD41-1BA4BF322C1B}.AppStore|Any CPU.ActiveCfg = Release|Any CPU
		{200705C5-6B26-4F97-BD41-1BA4BF322C1B}.AppStore|Any CPU.Build.0 = Release|Any CPU
		{200705C5-6B26-4F97-BD41-1BA4BF322C1B}.AppStore|Any CPU.Deploy.0 = Release|Any CPU
		{200705C5-6B26-4F97-BD41-1BA4BF322C1B}.AppStore|ARM.ActiveCfg = Release|Any CPU
		{200705C5-6B26-4F97-BD41-1BA4BF322C1B}.AppStore|ARM.Build.0 = Release|Any CPU
		{200705C5-6B26-4F97-BD41-1BA4BF322C1B}.AppStore|ARM.Deploy.0 = Release|Any CPU
		{200705C5-6B26-4F97-BD41-1BA4BF322C1B}.AppStore|iPhone.ActiveCfg = Release|Any CPU
		{200705C5-6B26-4F97-BD41-1BA4BF322C1B}.AppStore|iPhone.Build.0 = Release|Any CPU
		{200705C5-6B26-4F97-BD41-1BA4BF322C1B}.AppStore|iPhone.Deploy.0 = Release|Any CPU
		{200705C5-6B26-4F97-BD41-1BA4BF322C1B}.AppStore|iPhoneSimulator.ActiveCfg = Release|Any CPU
		{200705C5-6B26-4F97-BD41-1BA4BF322C1B}.AppStore|iPhoneSimulator.Build.0 = Release|Any CPU
		{200705C5-6B26-4F97-BD41-1BA4BF322C1B}.AppStore|iPhoneSimulator.Deploy.0 = Release|Any CPU
		{200705C5-6B26-4F97-BD41-1BA4BF322C1B}.AppStore|x64.ActiveCfg = Release|Any CPU
		{200705C5-6B26-4F97-BD41-1BA4BF322C1B}.AppStore|x64.Build.0 = Release|Any CPU
		{200705C5-6B26-4F97-BD41-1BA4BF322C1B}.AppStore|x64.Deploy.0 = Release|Any CPU
		{200705C5-6B26-4F97-BD41-1BA4BF322C1B}.AppStore|x86.ActiveCfg = Release|Any CPU
		{200705C5-6B26-4F97-BD41-1BA4BF322C1B}.AppStore|x86.Build.0 = Release|Any CPU
		{200705C5-6B26-4F97-BD41-1BA4BF322C1B}.AppStore|x86.Deploy.0 = Release|Any CPU
		{200705C5-6B26-4F97-BD41-1BA4BF322C1B}.Debug|Any CPU.ActiveCfg = Debug|Any CPU
		{200705C5-6B26-4F97-BD41-1BA4BF322C1B}.Debug|Any CPU.Build.0 = Debug|Any CPU
		{200705C5-6B26-4F97-BD41-1BA4BF322C1B}.Debug|Any CPU.Deploy.0 = Debug|Any CPU
		{200705C5-6B26-4F97-BD41-1BA4BF322C1B}.Debug|ARM.ActiveCfg = Debug|Any CPU
		{200705C5-6B26-4F97-BD41-1BA4BF322C1B}.Debug|ARM.Build.0 = Debug|Any CPU
		{200705C5-6B26-4F97-BD41-1BA4BF322C1B}.Debug|ARM.Deploy.0 = Debug|Any CPU
		{200705C5-6B26-4F97-BD41-1BA4BF322C1B}.Debug|iPhone.ActiveCfg = Debug|Any CPU
		{200705C5-6B26-4F97-BD41-1BA4BF322C1B}.Debug|iPhone.Build.0 = Debug|Any CPU
		{200705C5-6B26-4F97-BD41-1BA4BF322C1B}.Debug|iPhone.Deploy.0 = Debug|Any CPU
		{200705C5-6B26-4F97-BD41-1BA4BF322C1B}.Debug|iPhoneSimulator.ActiveCfg = Debug|Any CPU
		{200705C5-6B26-4F97-BD41-1BA4BF322C1B}.Debug|iPhoneSimulator.Build.0 = Debug|Any CPU
		{200705C5-6B26-4F97-BD41-1BA4BF322C1B}.Debug|iPhoneSimulator.Deploy.0 = Debug|Any CPU
		{200705C5-6B26-4F97-BD41-1BA4BF322C1B}.Debug|x64.ActiveCfg = Debug|Any CPU
		{200705C5-6B26-4F97-BD41-1BA4BF322C1B}.Debug|x64.Build.0 = Debug|Any CPU
		{200705C5-6B26-4F97-BD41-1BA4BF322C1B}.Debug|x64.Deploy.0 = Debug|Any CPU
		{200705C5-6B26-4F97-BD41-1BA4BF322C1B}.Debug|x86.ActiveCfg = Debug|Any CPU
		{200705C5-6B26-4F97-BD41-1BA4BF322C1B}.Debug|x86.Build.0 = Debug|Any CPU
		{200705C5-6B26-4F97-BD41-1BA4BF322C1B}.Debug|x86.Deploy.0 = Debug|Any CPU
		{200705C5-6B26-4F97-BD41-1BA4BF322C1B}.Release|Any CPU.ActiveCfg = Release|Any CPU
		{200705C5-6B26-4F97-BD41-1BA4BF322C1B}.Release|Any CPU.Build.0 = Release|Any CPU
		{200705C5-6B26-4F97-BD41-1BA4BF322C1B}.Release|Any CPU.Deploy.0 = Release|Any CPU
		{200705C5-6B26-4F97-BD41-1BA4BF322C1B}.Release|ARM.ActiveCfg = Release|Any CPU
		{200705C5-6B26-4F97-BD41-1BA4BF322C1B}.Release|ARM.Build.0 = Release|Any CPU
		{200705C5-6B26-4F97-BD41-1BA4BF322C1B}.Release|ARM.Deploy.0 = Release|Any CPU
		{200705C5-6B26-4F97-BD41-1BA4BF322C1B}.Release|iPhone.ActiveCfg = Release|Any CPU
		{200705C5-6B26-4F97-BD41-1BA4BF322C1B}.Release|iPhone.Build.0 = Release|Any CPU
		{200705C5-6B26-4F97-BD41-1BA4BF322C1B}.Release|iPhone.Deploy.0 = Release|Any CPU
		{200705C5-6B26-4F97-BD41-1BA4BF322C1B}.Release|iPhoneSimulator.ActiveCfg = Release|Any CPU
		{200705C5-6B26-4F97-BD41-1BA4BF322C1B}.Release|iPhoneSimulator.Build.0 = Release|Any CPU
		{200705C5-6B26-4F97-BD41-1BA4BF322C1B}.Release|iPhoneSimulator.Deploy.0 = Release|Any CPU
		{200705C5-6B26-4F97-BD41-1BA4BF322C1B}.Release|x64.ActiveCfg = Release|Any CPU
		{200705C5-6B26-4F97-BD41-1BA4BF322C1B}.Release|x64.Build.0 = Release|Any CPU
		{200705C5-6B26-4F97-BD41-1BA4BF322C1B}.Release|x64.Deploy.0 = Release|Any CPU
		{200705C5-6B26-4F97-BD41-1BA4BF322C1B}.Release|x86.ActiveCfg = Release|Any CPU
		{200705C5-6B26-4F97-BD41-1BA4BF322C1B}.Release|x86.Build.0 = Release|Any CPU
		{200705C5-6B26-4F97-BD41-1BA4BF322C1B}.Release|x86.Deploy.0 = Release|Any CPU
		{3DB4AC64-06B1-42AD-8E78-5731B85D6384}.Ad-Hoc|Any CPU.ActiveCfg = Ad-Hoc|iPhone
		{3DB4AC64-06B1-42AD-8E78-5731B85D6384}.Ad-Hoc|ARM.ActiveCfg = Ad-Hoc|iPhone
		{3DB4AC64-06B1-42AD-8E78-5731B85D6384}.Ad-Hoc|iPhone.ActiveCfg = Ad-Hoc|iPhone
		{3DB4AC64-06B1-42AD-8E78-5731B85D6384}.Ad-Hoc|iPhone.Build.0 = Ad-Hoc|iPhone
		{3DB4AC64-06B1-42AD-8E78-5731B85D6384}.Ad-Hoc|iPhoneSimulator.ActiveCfg = Ad-Hoc|iPhoneSimulator
		{3DB4AC64-06B1-42AD-8E78-5731B85D6384}.Ad-Hoc|iPhoneSimulator.Build.0 = Ad-Hoc|iPhoneSimulator
		{3DB4AC64-06B1-42AD-8E78-5731B85D6384}.Ad-Hoc|x64.ActiveCfg = Ad-Hoc|iPhone
		{3DB4AC64-06B1-42AD-8E78-5731B85D6384}.Ad-Hoc|x86.ActiveCfg = Ad-Hoc|iPhone
		{3DB4AC64-06B1-42AD-8E78-5731B85D6384}.AppStore|Any CPU.ActiveCfg = AppStore|iPhone
		{3DB4AC64-06B1-42AD-8E78-5731B85D6384}.AppStore|ARM.ActiveCfg = AppStore|iPhone
		{3DB4AC64-06B1-42AD-8E78-5731B85D6384}.AppStore|iPhone.ActiveCfg = AppStore|iPhone
		{3DB4AC64-06B1-42AD-8E78-5731B85D6384}.AppStore|iPhone.Build.0 = AppStore|iPhone
		{3DB4AC64-06B1-42AD-8E78-5731B85D6384}.AppStore|iPhoneSimulator.ActiveCfg = AppStore|iPhoneSimulator
		{3DB4AC64-06B1-42AD-8E78-5731B85D6384}.AppStore|iPhoneSimulator.Build.0 = AppStore|iPhoneSimulator
		{3DB4AC64-06B1-42AD-8E78-5731B85D6384}.AppStore|x64.ActiveCfg = AppStore|iPhone
		{3DB4AC64-06B1-42AD-8E78-5731B85D6384}.AppStore|x86.ActiveCfg = AppStore|iPhone
		{3DB4AC64-06B1-42AD-8E78-5731B85D6384}.Debug|Any CPU.ActiveCfg = Debug|iPhone
		{3DB4AC64-06B1-42AD-8E78-5731B85D6384}.Debug|ARM.ActiveCfg = Debug|iPhone
		{3DB4AC64-06B1-42AD-8E78-5731B85D6384}.Debug|iPhone.ActiveCfg = Debug|iPhone
		{3DB4AC64-06B1-42AD-8E78-5731B85D6384}.Debug|iPhone.Build.0 = Debug|iPhone
		{3DB4AC64-06B1-42AD-8E78-5731B85D6384}.Debug|iPhoneSimulator.ActiveCfg = Debug|iPhoneSimulator
		{3DB4AC64-06B1-42AD-8E78-5731B85D6384}.Debug|iPhoneSimulator.Build.0 = Debug|iPhoneSimulator
		{3DB4AC64-06B1-42AD-8E78-5731B85D6384}.Debug|x64.ActiveCfg = Debug|iPhone
		{3DB4AC64-06B1-42AD-8E78-5731B85D6384}.Debug|x86.ActiveCfg = Debug|iPhone
		{3DB4AC64-06B1-42AD-8E78-5731B85D6384}.Release|Any CPU.ActiveCfg = Release|iPhone
		{3DB4AC64-06B1-42AD-8E78-5731B85D6384}.Release|ARM.ActiveCfg = Release|iPhone
		{3DB4AC64-06B1-42AD-8E78-5731B85D6384}.Release|iPhone.ActiveCfg = Release|iPhone
		{3DB4AC64-06B1-42AD-8E78-5731B85D6384}.Release|iPhone.Build.0 = Release|iPhone
		{3DB4AC64-06B1-42AD-8E78-5731B85D6384}.Release|iPhoneSimulator.ActiveCfg = Release|iPhoneSimulator
		{3DB4AC64-06B1-42AD-8E78-5731B85D6384}.Release|iPhoneSimulator.Build.0 = Release|iPhoneSimulator
		{3DB4AC64-06B1-42AD-8E78-5731B85D6384}.Release|x64.ActiveCfg = Release|iPhone
		{3DB4AC64-06B1-42AD-8E78-5731B85D6384}.Release|x86.ActiveCfg = Release|iPhone
		{839A0A72-23D0-491A-9F27-E7FAAB1BD124}.Ad-Hoc|Any CPU.ActiveCfg = Release|x86
		{839A0A72-23D0-491A-9F27-E7FAAB1BD124}.Ad-Hoc|Any CPU.Build.0 = Release|x86
		{839A0A72-23D0-491A-9F27-E7FAAB1BD124}.Ad-Hoc|Any CPU.Deploy.0 = Release|x86
		{839A0A72-23D0-491A-9F27-E7FAAB1BD124}.Ad-Hoc|ARM.ActiveCfg = Release|ARM
		{839A0A72-23D0-491A-9F27-E7FAAB1BD124}.Ad-Hoc|ARM.Build.0 = Release|ARM
		{839A0A72-23D0-491A-9F27-E7FAAB1BD124}.Ad-Hoc|ARM.Deploy.0 = Release|ARM
		{839A0A72-23D0-491A-9F27-E7FAAB1BD124}.Ad-Hoc|iPhone.ActiveCfg = Release|x86
		{839A0A72-23D0-491A-9F27-E7FAAB1BD124}.Ad-Hoc|iPhone.Build.0 = Release|x86
		{839A0A72-23D0-491A-9F27-E7FAAB1BD124}.Ad-Hoc|iPhone.Deploy.0 = Release|x86
		{839A0A72-23D0-491A-9F27-E7FAAB1BD124}.Ad-Hoc|iPhoneSimulator.ActiveCfg = Release|x86
		{839A0A72-23D0-491A-9F27-E7FAAB1BD124}.Ad-Hoc|iPhoneSimulator.Build.0 = Release|x86
		{839A0A72-23D0-491A-9F27-E7FAAB1BD124}.Ad-Hoc|iPhoneSimulator.Deploy.0 = Release|x86
		{839A0A72-23D0-491A-9F27-E7FAAB1BD124}.Ad-Hoc|x64.ActiveCfg = Release|x64
		{839A0A72-23D0-491A-9F27-E7FAAB1BD124}.Ad-Hoc|x64.Build.0 = Release|x64
		{839A0A72-23D0-491A-9F27-E7FAAB1BD124}.Ad-Hoc|x64.Deploy.0 = Release|x64
		{839A0A72-23D0-491A-9F27-E7FAAB1BD124}.Ad-Hoc|x86.ActiveCfg = Release|x86
		{839A0A72-23D0-491A-9F27-E7FAAB1BD124}.Ad-Hoc|x86.Build.0 = Release|x86
		{839A0A72-23D0-491A-9F27-E7FAAB1BD124}.Ad-Hoc|x86.Deploy.0 = Release|x86
		{839A0A72-23D0-491A-9F27-E7FAAB1BD124}.AppStore|Any CPU.ActiveCfg = Release|x86
		{839A0A72-23D0-491A-9F27-E7FAAB1BD124}.AppStore|Any CPU.Build.0 = Release|x86
		{839A0A72-23D0-491A-9F27-E7FAAB1BD124}.AppStore|Any CPU.Deploy.0 = Release|x86
		{839A0A72-23D0-491A-9F27-E7FAAB1BD124}.AppStore|ARM.ActiveCfg = Release|ARM
		{839A0A72-23D0-491A-9F27-E7FAAB1BD124}.AppStore|ARM.Build.0 = Release|ARM
		{839A0A72-23D0-491A-9F27-E7FAAB1BD124}.AppStore|ARM.Deploy.0 = Release|ARM
		{839A0A72-23D0-491A-9F27-E7FAAB1BD124}.AppStore|iPhone.ActiveCfg = Release|x86
		{839A0A72-23D0-491A-9F27-E7FAAB1BD124}.AppStore|iPhone.Build.0 = Release|x86
		{839A0A72-23D0-491A-9F27-E7FAAB1BD124}.AppStore|iPhone.Deploy.0 = Release|x86
		{839A0A72-23D0-491A-9F27-E7FAAB1BD124}.AppStore|iPhoneSimulator.ActiveCfg = Release|x86
		{839A0A72-23D0-491A-9F27-E7FAAB1BD124}.AppStore|iPhoneSimulator.Build.0 = Release|x86
		{839A0A72-23D0-491A-9F27-E7FAAB1BD124}.AppStore|iPhoneSimulator.Deploy.0 = Release|x86
		{839A0A72-23D0-491A-9F27-E7FAAB1BD124}.AppStore|x64.ActiveCfg = Release|x64
		{839A0A72-23D0-491A-9F27-E7FAAB1BD124}.AppStore|x64.Build.0 = Release|x64
		{839A0A72-23D0-491A-9F27-E7FAAB1BD124}.AppStore|x64.Deploy.0 = Release|x64
		{839A0A72-23D0-491A-9F27-E7FAAB1BD124}.AppStore|x86.ActiveCfg = Release|x86
		{839A0A72-23D0-491A-9F27-E7FAAB1BD124}.AppStore|x86.Build.0 = Release|x86
		{839A0A72-23D0-491A-9F27-E7FAAB1BD124}.AppStore|x86.Deploy.0 = Release|x86
		{839A0A72-23D0-491A-9F27-E7FAAB1BD124}.Debug|Any CPU.ActiveCfg = Debug|x86
		{839A0A72-23D0-491A-9F27-E7FAAB1BD124}.Debug|ARM.ActiveCfg = Debug|ARM
		{839A0A72-23D0-491A-9F27-E7FAAB1BD124}.Debug|ARM.Build.0 = Debug|ARM
		{839A0A72-23D0-491A-9F27-E7FAAB1BD124}.Debug|ARM.Deploy.0 = Debug|ARM
		{839A0A72-23D0-491A-9F27-E7FAAB1BD124}.Debug|iPhone.ActiveCfg = Debug|x86
		{839A0A72-23D0-491A-9F27-E7FAAB1BD124}.Debug|iPhoneSimulator.ActiveCfg = Debug|x86
		{839A0A72-23D0-491A-9F27-E7FAAB1BD124}.Debug|x64.ActiveCfg = Debug|x64
		{839A0A72-23D0-491A-9F27-E7FAAB1BD124}.Debug|x64.Build.0 = Debug|x64
		{839A0A72-23D0-491A-9F27-E7FAAB1BD124}.Debug|x64.Deploy.0 = Debug|x64
		{839A0A72-23D0-491A-9F27-E7FAAB1BD124}.Debug|x86.ActiveCfg = Debug|x86
		{839A0A72-23D0-491A-9F27-E7FAAB1BD124}.Debug|x86.Build.0 = Debug|x86
		{839A0A72-23D0-491A-9F27-E7FAAB1BD124}.Debug|x86.Deploy.0 = Debug|x86
		{839A0A72-23D0-491A-9F27-E7FAAB1BD124}.Release|Any CPU.ActiveCfg = Release|x86
		{839A0A72-23D0-491A-9F27-E7FAAB1BD124}.Release|ARM.ActiveCfg = Release|ARM
		{839A0A72-23D0-491A-9F27-E7FAAB1BD124}.Release|ARM.Build.0 = Release|ARM
		{839A0A72-23D0-491A-9F27-E7FAAB1BD124}.Release|ARM.Deploy.0 = Release|ARM
		{839A0A72-23D0-491A-9F27-E7FAAB1BD124}.Release|iPhone.ActiveCfg = Release|x86
		{839A0A72-23D0-491A-9F27-E7FAAB1BD124}.Release|iPhoneSimulator.ActiveCfg = Release|x86
		{839A0A72-23D0-491A-9F27-E7FAAB1BD124}.Release|x64.ActiveCfg = Release|x64
		{839A0A72-23D0-491A-9F27-E7FAAB1BD124}.Release|x64.Build.0 = Release|x64
		{839A0A72-23D0-491A-9F27-E7FAAB1BD124}.Release|x64.Deploy.0 = Release|x64
		{839A0A72-23D0-491A-9F27-E7FAAB1BD124}.Release|x86.ActiveCfg = Release|x86
		{839A0A72-23D0-491A-9F27-E7FAAB1BD124}.Release|x86.Build.0 = Release|x86
		{839A0A72-23D0-491A-9F27-E7FAAB1BD124}.Release|x86.Deploy.0 = Release|x86
	EndGlobalSection
	GlobalSection(SolutionProperties) = preSolution
		HideSolutionNode = FALSE
	EndGlobalSection
EndGlobal
