
Microsoft Visual Studio Solution File, Format Version 12.00
# Visual Studio 15
VisualStudioVersion = 15.0.26430.12
MinimumVisualStudioVersion = 10.0.40219.1
Project("{FAE04EC0-301F-11D3-BF4B-00C04F79EFBC}") = "Effect.Android", "Effect\Effect.Android\Effect.Android.csproj", "{0A473309-7E5F-4050-A67D-3089880A18AC}"
EndProject
Project("{FAE04EC0-301F-11D3-BF4B-00C04F79EFBC}") = "Effect", "Effect\Effect\Effect.csproj", "{EF9A6421-09FC-4D9A-B13A-6E4A6A81C3BC}"
EndProject
Project("{FAE04EC0-301F-11D3-BF4B-00C04F79EFBC}") = "Effect.UWP", "Effect\Effect.UWP\Effect.UWP.csproj", "{2732A115-F26D-4378-84EB-BC1BB4CF49A9}"
EndProject
Project("{FAE04EC0-301F-11D3-BF4B-00C04F79EFBC}") = "Effect.iOS", "Effect\Effect.iOS\Effect.iOS.csproj", "{633F3631-93C8-42BF-A64B-D3ADAF853070}"
EndProject
Global
	GlobalSection(SolutionConfigurationPlatforms) = preSolution
		Ad-Hoc|Any CPU = Ad-Hoc|Any CPU
		Ad-Hoc|ARM = Ad-Hoc|ARM
		Ad-Hoc|iPhone = Ad-Hoc|iPhone
		Ad-Hoc|iPhoneSimulator = Ad-Hoc|iPhoneSimulator
		Ad-Hoc|x64 = Ad-Hoc|x64
		Ad-Hoc|x86 = Ad-Hoc|x86
		AppStore|Any CPU = AppStore|Any CPU
		AppStore|ARM = AppStore|ARM
		AppStore|iPhone = AppStore|iPhone
		AppStore|iPhoneSimulator = AppStore|iPhoneSimulator
		AppStore|x64 = AppStore|x64
		AppStore|x86 = AppStore|x86
		Debug|Any CPU = Debug|Any CPU
		Debug|ARM = Debug|ARM
		Debug|iPhone = Debug|iPhone
		Debug|iPhoneSimulator = Debug|iPhoneSimulator
		Debug|x64 = Debug|x64
		Debug|x86 = Debug|x86
		Release|Any CPU = Release|Any CPU
		Release|ARM = Release|ARM
		Release|iPhone = Release|iPhone
		Release|iPhoneSimulator = Release|iPhoneSimulator
		Release|x64 = Release|x64
		Release|x86 = Release|x86
	EndGlobalSection
	GlobalSection(ProjectConfigurationPlatforms) = postSolution
		{0A473309-7E5F-4050-A67D-3089880A18AC}.Ad-Hoc|Any CPU.ActiveCfg = Release|Any CPU
		{0A473309-7E5F-4050-A67D-3089880A18AC}.Ad-Hoc|Any CPU.Build.0 = Release|Any CPU
		{0A473309-7E5F-4050-A67D-3089880A18AC}.Ad-Hoc|Any CPU.Deploy.0 = Release|Any CPU
		{0A473309-7E5F-4050-A67D-3089880A18AC}.Ad-Hoc|ARM.ActiveCfg = Release|Any CPU
		{0A473309-7E5F-4050-A67D-3089880A18AC}.Ad-Hoc|ARM.Build.0 = Release|Any CPU
		{0A473309-7E5F-4050-A67D-3089880A18AC}.Ad-Hoc|ARM.Deploy.0 = Release|Any CPU
		{0A473309-7E5F-4050-A67D-3089880A18AC}.Ad-Hoc|iPhone.ActiveCfg = Release|Any CPU
		{0A473309-7E5F-4050-A67D-3089880A18AC}.Ad-Hoc|iPhone.Build.0 = Release|Any CPU
		{0A473309-7E5F-4050-A67D-3089880A18AC}.Ad-Hoc|iPhone.Deploy.0 = Release|Any CPU
		{0A473309-7E5F-4050-A67D-3089880A18AC}.Ad-Hoc|iPhoneSimulator.ActiveCfg = Release|Any CPU
		{0A473309-7E5F-4050-A67D-3089880A18AC}.Ad-Hoc|iPhoneSimulator.Build.0 = Release|Any CPU
		{0A473309-7E5F-4050-A67D-3089880A18AC}.Ad-Hoc|iPhoneSimulator.Deploy.0 = Release|Any CPU
		{0A473309-7E5F-4050-A67D-3089880A18AC}.Ad-Hoc|x64.ActiveCfg = Release|Any CPU
		{0A473309-7E5F-4050-A67D-3089880A18AC}.Ad-Hoc|x64.Build.0 = Release|Any CPU
		{0A473309-7E5F-4050-A67D-3089880A18AC}.Ad-Hoc|x64.Deploy.0 = Release|Any CPU
		{0A473309-7E5F-4050-A67D-3089880A18AC}.Ad-Hoc|x86.ActiveCfg = Release|Any CPU
		{0A473309-7E5F-4050-A67D-3089880A18AC}.Ad-Hoc|x86.Build.0 = Release|Any CPU
		{0A473309-7E5F-4050-A67D-3089880A18AC}.Ad-Hoc|x86.Deploy.0 = Release|Any CPU
		{0A473309-7E5F-4050-A67D-3089880A18AC}.AppStore|Any CPU.ActiveCfg = Release|Any CPU
		{0A473309-7E5F-4050-A67D-3089880A18AC}.AppStore|Any CPU.Build.0 = Release|Any CPU
		{0A473309-7E5F-4050-A67D-3089880A18AC}.AppStore|Any CPU.Deploy.0 = Release|Any CPU
		{0A473309-7E5F-4050-A67D-3089880A18AC}.AppStore|ARM.ActiveCfg = Release|Any CPU
		{0A473309-7E5F-4050-A67D-3089880A18AC}.AppStore|ARM.Build.0 = Release|Any CPU
		{0A473309-7E5F-4050-A67D-3089880A18AC}.AppStore|ARM.Deploy.0 = Release|Any CPU
		{0A473309-7E5F-4050-A67D-3089880A18AC}.AppStore|iPhone.ActiveCfg = Release|Any CPU
		{0A473309-7E5F-4050-A67D-3089880A18AC}.AppStore|iPhone.Build.0 = Release|Any CPU
		{0A473309-7E5F-4050-A67D-3089880A18AC}.AppStore|iPhone.Deploy.0 = Release|Any CPU
		{0A473309-7E5F-4050-A67D-3089880A18AC}.AppStore|iPhoneSimulator.ActiveCfg = Release|Any CPU
		{0A473309-7E5F-4050-A67D-3089880A18AC}.AppStore|iPhoneSimulator.Build.0 = Release|Any CPU
		{0A473309-7E5F-4050-A67D-3089880A18AC}.AppStore|iPhoneSimulator.Deploy.0 = Release|Any CPU
		{0A473309-7E5F-4050-A67D-3089880A18AC}.AppStore|x64.ActiveCfg = Release|Any CPU
		{0A473309-7E5F-4050-A67D-3089880A18AC}.AppStore|x64.Build.0 = Release|Any CPU
		{0A473309-7E5F-4050-A67D-3089880A18AC}.AppStore|x64.Deploy.0 = Release|Any CPU
		{0A473309-7E5F-4050-A67D-3089880A18AC}.AppStore|x86.ActiveCfg = Release|Any CPU
		{0A473309-7E5F-4050-A67D-3089880A18AC}.AppStore|x86.Build.0 = Release|Any CPU
		{0A473309-7E5F-4050-A67D-3089880A18AC}.AppStore|x86.Deploy.0 = Release|Any CPU
		{0A473309-7E5F-4050-A67D-3089880A18AC}.Debug|Any CPU.ActiveCfg = Debug|Any CPU
		{0A473309-7E5F-4050-A67D-3089880A18AC}.Debug|Any CPU.Build.0 = Debug|Any CPU
		{0A473309-7E5F-4050-A67D-3089880A18AC}.Debug|Any CPU.Deploy.0 = Debug|Any CPU
		{0A473309-7E5F-4050-A67D-3089880A18AC}.Debug|ARM.ActiveCfg = Debug|Any CPU
		{0A473309-7E5F-4050-A67D-3089880A18AC}.Debug|ARM.Build.0 = Debug|Any CPU
		{0A473309-7E5F-4050-A67D-3089880A18AC}.Debug|ARM.Deploy.0 = Debug|Any CPU
		{0A473309-7E5F-4050-A67D-3089880A18AC}.Debug|iPhone.ActiveCfg = Debug|Any CPU
		{0A473309-7E5F-4050-A67D-3089880A18AC}.Debug|iPhone.Build.0 = Debug|Any CPU
		{0A473309-7E5F-4050-A67D-3089880A18AC}.Debug|iPhone.Deploy.0 = Debug|Any CPU
		{0A473309-7E5F-4050-A67D-3089880A18AC}.Debug|iPhoneSimulator.ActiveCfg = Debug|Any CPU
		{0A473309-7E5F-4050-A67D-3089880A18AC}.Debug|iPhoneSimulator.Build.0 = Debug|Any CPU
		{0A473309-7E5F-4050-A67D-3089880A18AC}.Debug|iPhoneSimulator.Deploy.0 = Debug|Any CPU
		{0A473309-7E5F-4050-A67D-3089880A18AC}.Debug|x64.ActiveCfg = Debug|Any CPU
		{0A473309-7E5F-4050-A67D-3089880A18AC}.Debug|x64.Build.0 = Debug|Any CPU
		{0A473309-7E5F-4050-A67D-3089880A18AC}.Debug|x64.Deploy.0 = Debug|Any CPU
		{0A473309-7E5F-4050-A67D-3089880A18AC}.Debug|x86.ActiveCfg = Debug|Any CPU
		{0A473309-7E5F-4050-A67D-3089880A18AC}.Debug|x86.Build.0 = Debug|Any CPU
		{0A473309-7E5F-4050-A67D-3089880A18AC}.Debug|x86.Deploy.0 = Debug|Any CPU
		{0A473309-7E5F-4050-A67D-3089880A18AC}.Release|Any CPU.ActiveCfg = Release|Any CPU
		{0A473309-7E5F-4050-A67D-3089880A18AC}.Release|Any CPU.Build.0 = Release|Any CPU
		{0A473309-7E5F-4050-A67D-3089880A18AC}.Release|Any CPU.Deploy.0 = Release|Any CPU
		{0A473309-7E5F-4050-A67D-3089880A18AC}.Release|ARM.ActiveCfg = Release|Any CPU
		{0A473309-7E5F-4050-A67D-3089880A18AC}.Release|ARM.Build.0 = Release|Any CPU
		{0A473309-7E5F-4050-A67D-3089880A18AC}.Release|ARM.Deploy.0 = Release|Any CPU
		{0A473309-7E5F-4050-A67D-3089880A18AC}.Release|iPhone.ActiveCfg = Release|Any CPU
		{0A473309-7E5F-4050-A67D-3089880A18AC}.Release|iPhone.Build.0 = Release|Any CPU
		{0A473309-7E5F-4050-A67D-3089880A18AC}.Release|iPhone.Deploy.0 = Release|Any CPU
		{0A473309-7E5F-4050-A67D-3089880A18AC}.Release|iPhoneSimulator.ActiveCfg = Release|Any CPU
		{0A473309-7E5F-4050-A67D-3089880A18AC}.Release|iPhoneSimulator.Build.0 = Release|Any CPU
		{0A473309-7E5F-4050-A67D-3089880A18AC}.Release|iPhoneSimulator.Deploy.0 = Release|Any CPU
		{0A473309-7E5F-4050-A67D-3089880A18AC}.Release|x64.ActiveCfg = Release|Any CPU
		{0A473309-7E5F-4050-A67D-3089880A18AC}.Release|x64.Build.0 = Release|Any CPU
		{0A473309-7E5F-4050-A67D-3089880A18AC}.Release|x64.Deploy.0 = Release|Any CPU
		{0A473309-7E5F-4050-A67D-3089880A18AC}.Release|x86.ActiveCfg = Release|Any CPU
		{0A473309-7E5F-4050-A67D-3089880A18AC}.Release|x86.Build.0 = Release|Any CPU
		{0A473309-7E5F-4050-A67D-3089880A18AC}.Release|x86.Deploy.0 = Release|Any CPU
		{EF9A6421-09FC-4D9A-B13A-6E4A6A81C3BC}.Ad-Hoc|Any CPU.ActiveCfg = Release|Any CPU
		{EF9A6421-09FC-4D9A-B13A-6E4A6A81C3BC}.Ad-Hoc|Any CPU.Build.0 = Release|Any CPU
		{EF9A6421-09FC-4D9A-B13A-6E4A6A81C3BC}.Ad-Hoc|ARM.ActiveCfg = Release|Any CPU
		{EF9A6421-09FC-4D9A-B13A-6E4A6A81C3BC}.Ad-Hoc|ARM.Build.0 = Release|Any CPU
		{EF9A6421-09FC-4D9A-B13A-6E4A6A81C3BC}.Ad-Hoc|iPhone.ActiveCfg = Release|Any CPU
		{EF9A6421-09FC-4D9A-B13A-6E4A6A81C3BC}.Ad-Hoc|iPhone.Build.0 = Release|Any CPU
		{EF9A6421-09FC-4D9A-B13A-6E4A6A81C3BC}.Ad-Hoc|iPhoneSimulator.ActiveCfg = Release|Any CPU
		{EF9A6421-09FC-4D9A-B13A-6E4A6A81C3BC}.Ad-Hoc|iPhoneSimulator.Build.0 = Release|Any CPU
		{EF9A6421-09FC-4D9A-B13A-6E4A6A81C3BC}.Ad-Hoc|x64.ActiveCfg = Release|Any CPU
		{EF9A6421-09FC-4D9A-B13A-6E4A6A81C3BC}.Ad-Hoc|x64.Build.0 = Release|Any CPU
		{EF9A6421-09FC-4D9A-B13A-6E4A6A81C3BC}.Ad-Hoc|x86.ActiveCfg = Release|Any CPU
		{EF9A6421-09FC-4D9A-B13A-6E4A6A81C3BC}.Ad-Hoc|x86.Build.0 = Release|Any CPU
		{EF9A6421-09FC-4D9A-B13A-6E4A6A81C3BC}.AppStore|Any CPU.ActiveCfg = Release|Any CPU
		{EF9A6421-09FC-4D9A-B13A-6E4A6A81C3BC}.AppStore|Any CPU.Build.0 = Release|Any CPU
		{EF9A6421-09FC-4D9A-B13A-6E4A6A81C3BC}.AppStore|ARM.ActiveCfg = Release|Any CPU
		{EF9A6421-09FC-4D9A-B13A-6E4A6A81C3BC}.AppStore|ARM.Build.0 = Release|Any CPU
		{EF9A6421-09FC-4D9A-B13A-6E4A6A81C3BC}.AppStore|iPhone.ActiveCfg = Release|Any CPU
		{EF9A6421-09FC-4D9A-B13A-6E4A6A81C3BC}.AppStore|iPhone.Build.0 = Release|Any CPU
		{EF9A6421-09FC-4D9A-B13A-6E4A6A81C3BC}.AppStore|iPhoneSimulator.ActiveCfg = Release|Any CPU
		{EF9A6421-09FC-4D9A-B13A-6E4A6A81C3BC}.AppStore|iPhoneSimulator.Build.0 = Release|Any CPU
		{EF9A6421-09FC-4D9A-B13A-6E4A6A81C3BC}.AppStore|x64.ActiveCfg = Release|Any CPU
		{EF9A6421-09FC-4D9A-B13A-6E4A6A81C3BC}.AppStore|x64.Build.0 = Release|Any CPU
		{EF9A6421-09FC-4D9A-B13A-6E4A6A81C3BC}.AppStore|x86.ActiveCfg = Release|Any CPU
		{EF9A6421-09FC-4D9A-B13A-6E4A6A81C3BC}.AppStore|x86.Build.0 = Release|Any CPU
		{EF9A6421-09FC-4D9A-B13A-6E4A6A81C3BC}.Debug|Any CPU.ActiveCfg = Debug|Any CPU
		{EF9A6421-09FC-4D9A-B13A-6E4A6A81C3BC}.Debug|Any CPU.Build.0 = Debug|Any CPU
		{EF9A6421-09FC-4D9A-B13A-6E4A6A81C3BC}.Debug|ARM.ActiveCfg = Debug|Any CPU
		{EF9A6421-09FC-4D9A-B13A-6E4A6A81C3BC}.Debug|ARM.Build.0 = Debug|Any CPU
		{EF9A6421-09FC-4D9A-B13A-6E4A6A81C3BC}.Debug|iPhone.ActiveCfg = Debug|Any CPU
		{EF9A6421-09FC-4D9A-B13A-6E4A6A81C3BC}.Debug|iPhone.Build.0 = Debug|Any CPU
		{EF9A6421-09FC-4D9A-B13A-6E4A6A81C3BC}.Debug|iPhoneSimulator.ActiveCfg = Debug|Any CPU
		{EF9A6421-09FC-4D9A-B13A-6E4A6A81C3BC}.Debug|iPhoneSimulator.Build.0 = Debug|Any CPU
		{EF9A6421-09FC-4D9A-B13A-6E4A6A81C3BC}.Debug|x64.ActiveCfg = Debug|Any CPU
		{EF9A6421-09FC-4D9A-B13A-6E4A6A81C3BC}.Debug|x64.Build.0 = Debug|Any CPU
		{EF9A6421-09FC-4D9A-B13A-6E4A6A81C3BC}.Debug|x86.ActiveCfg = Debug|Any CPU
		{EF9A6421-09FC-4D9A-B13A-6E4A6A81C3BC}.Debug|x86.Build.0 = Debug|Any CPU
		{EF9A6421-09FC-4D9A-B13A-6E4A6A81C3BC}.Release|Any CPU.ActiveCfg = Release|Any CPU
		{EF9A6421-09FC-4D9A-B13A-6E4A6A81C3BC}.Release|Any CPU.Build.0 = Release|Any CPU
		{EF9A6421-09FC-4D9A-B13A-6E4A6A81C3BC}.Release|ARM.ActiveCfg = Release|Any CPU
		{EF9A6421-09FC-4D9A-B13A-6E4A6A81C3BC}.Release|ARM.Build.0 = Release|Any CPU
		{EF9A6421-09FC-4D9A-B13A-6E4A6A81C3BC}.Release|iPhone.ActiveCfg = Release|Any CPU
		{EF9A6421-09FC-4D9A-B13A-6E4A6A81C3BC}.Release|iPhone.Build.0 = Release|Any CPU
		{EF9A6421-09FC-4D9A-B13A-6E4A6A81C3BC}.Release|iPhoneSimulator.ActiveCfg = Release|Any CPU
		{EF9A6421-09FC-4D9A-B13A-6E4A6A81C3BC}.Release|iPhoneSimulator.Build.0 = Release|Any CPU
		{EF9A6421-09FC-4D9A-B13A-6E4A6A81C3BC}.Release|x64.ActiveCfg = Release|Any CPU
		{EF9A6421-09FC-4D9A-B13A-6E4A6A81C3BC}.Release|x64.Build.0 = Release|Any CPU
		{EF9A6421-09FC-4D9A-B13A-6E4A6A81C3BC}.Release|x86.ActiveCfg = Release|Any CPU
		{EF9A6421-09FC-4D9A-B13A-6E4A6A81C3BC}.Release|x86.Build.0 = Release|Any CPU
		{2732A115-F26D-4378-84EB-BC1BB4CF49A9}.Ad-Hoc|Any CPU.ActiveCfg = Release|x86
		{2732A115-F26D-4378-84EB-BC1BB4CF49A9}.Ad-Hoc|Any CPU.Build.0 = Release|x86
		{2732A115-F26D-4378-84EB-BC1BB4CF49A9}.Ad-Hoc|Any CPU.Deploy.0 = Release|x86
		{2732A115-F26D-4378-84EB-BC1BB4CF49A9}.Ad-Hoc|ARM.ActiveCfg = Release|ARM
		{2732A115-F26D-4378-84EB-BC1BB4CF49A9}.Ad-Hoc|ARM.Build.0 = Release|ARM
		{2732A115-F26D-4378-84EB-BC1BB4CF49A9}.Ad-Hoc|ARM.Deploy.0 = Release|ARM
		{2732A115-F26D-4378-84EB-BC1BB4CF49A9}.Ad-Hoc|iPhone.ActiveCfg = Release|x86
		{2732A115-F26D-4378-84EB-BC1BB4CF49A9}.Ad-Hoc|iPhone.Build.0 = Release|x86
		{2732A115-F26D-4378-84EB-BC1BB4CF49A9}.Ad-Hoc|iPhone.Deploy.0 = Release|x86
		{2732A115-F26D-4378-84EB-BC1BB4CF49A9}.Ad-Hoc|iPhoneSimulator.ActiveCfg = Release|x86
		{2732A115-F26D-4378-84EB-BC1BB4CF49A9}.Ad-Hoc|iPhoneSimulator.Build.0 = Release|x86
		{2732A115-F26D-4378-84EB-BC1BB4CF49A9}.Ad-Hoc|iPhoneSimulator.Deploy.0 = Release|x86
		{2732A115-F26D-4378-84EB-BC1BB4CF49A9}.Ad-Hoc|x64.ActiveCfg = Release|x64
		{2732A115-F26D-4378-84EB-BC1BB4CF49A9}.Ad-Hoc|x64.Build.0 = Release|x64
		{2732A115-F26D-4378-84EB-BC1BB4CF49A9}.Ad-Hoc|x64.Deploy.0 = Release|x64
		{2732A115-F26D-4378-84EB-BC1BB4CF49A9}.Ad-Hoc|x86.ActiveCfg = Release|x86
		{2732A115-F26D-4378-84EB-BC1BB4CF49A9}.Ad-Hoc|x86.Build.0 = Release|x86
		{2732A115-F26D-4378-84EB-BC1BB4CF49A9}.Ad-Hoc|x86.Deploy.0 = Release|x86
		{2732A115-F26D-4378-84EB-BC1BB4CF49A9}.AppStore|Any CPU.ActiveCfg = Release|x86
		{2732A115-F26D-4378-84EB-BC1BB4CF49A9}.AppStore|Any CPU.Build.0 = Release|x86
		{2732A115-F26D-4378-84EB-BC1BB4CF49A9}.AppStore|Any CPU.Deploy.0 = Release|x86
		{2732A115-F26D-4378-84EB-BC1BB4CF49A9}.AppStore|ARM.ActiveCfg = Release|ARM
		{2732A115-F26D-4378-84EB-BC1BB4CF49A9}.AppStore|ARM.Build.0 = Release|ARM
		{2732A115-F26D-4378-84EB-BC1BB4CF49A9}.AppStore|ARM.Deploy.0 = Release|ARM
		{2732A115-F26D-4378-84EB-BC1BB4CF49A9}.AppStore|iPhone.ActiveCfg = Release|x86
		{2732A115-F26D-4378-84EB-BC1BB4CF49A9}.AppStore|iPhone.Build.0 = Release|x86
		{2732A115-F26D-4378-84EB-BC1BB4CF49A9}.AppStore|iPhone.Deploy.0 = Release|x86
		{2732A115-F26D-4378-84EB-BC1BB4CF49A9}.AppStore|iPhoneSimulator.ActiveCfg = Release|x86
		{2732A115-F26D-4378-84EB-BC1BB4CF49A9}.AppStore|iPhoneSimulator.Build.0 = Release|x86
		{2732A115-F26D-4378-84EB-BC1BB4CF49A9}.AppStore|iPhoneSimulator.Deploy.0 = Release|x86
		{2732A115-F26D-4378-84EB-BC1BB4CF49A9}.AppStore|x64.ActiveCfg = Release|x64
		{2732A115-F26D-4378-84EB-BC1BB4CF49A9}.AppStore|x64.Build.0 = Release|x64
		{2732A115-F26D-4378-84EB-BC1BB4CF49A9}.AppStore|x64.Deploy.0 = Release|x64
		{2732A115-F26D-4378-84EB-BC1BB4CF49A9}.AppStore|x86.ActiveCfg = Release|x86
		{2732A115-F26D-4378-84EB-BC1BB4CF49A9}.AppStore|x86.Build.0 = Release|x86
		{2732A115-F26D-4378-84EB-BC1BB4CF49A9}.AppStore|x86.Deploy.0 = Release|x86
		{2732A115-F26D-4378-84EB-BC1BB4CF49A9}.Debug|Any CPU.ActiveCfg = Debug|x86
		{2732A115-F26D-4378-84EB-BC1BB4CF49A9}.Debug|ARM.ActiveCfg = Debug|ARM
		{2732A115-F26D-4378-84EB-BC1BB4CF49A9}.Debug|ARM.Build.0 = Debug|ARM
		{2732A115-F26D-4378-84EB-BC1BB4CF49A9}.Debug|ARM.Deploy.0 = Debug|ARM
		{2732A115-F26D-4378-84EB-BC1BB4CF49A9}.Debug|iPhone.ActiveCfg = Debug|x86
		{2732A115-F26D-4378-84EB-BC1BB4CF49A9}.Debug|iPhoneSimulator.ActiveCfg = Debug|x86
		{2732A115-F26D-4378-84EB-BC1BB4CF49A9}.Debug|x64.ActiveCfg = Debug|x64
		{2732A115-F26D-4378-84EB-BC1BB4CF49A9}.Debug|x64.Build.0 = Debug|x64
		{2732A115-F26D-4378-84EB-BC1BB4CF49A9}.Debug|x64.Deploy.0 = Debug|x64
		{2732A115-F26D-4378-84EB-BC1BB4CF49A9}.Debug|x86.ActiveCfg = Debug|x86
		{2732A115-F26D-4378-84EB-BC1BB4CF49A9}.Debug|x86.Build.0 = Debug|x86
		{2732A115-F26D-4378-84EB-BC1BB4CF49A9}.Debug|x86.Deploy.0 = Debug|x86
		{2732A115-F26D-4378-84EB-BC1BB4CF49A9}.Release|Any CPU.ActiveCfg = Release|x86
		{2732A115-F26D-4378-84EB-BC1BB4CF49A9}.Release|ARM.ActiveCfg = Release|ARM
		{2732A115-F26D-4378-84EB-BC1BB4CF49A9}.Release|ARM.Build.0 = Release|ARM
		{2732A115-F26D-4378-84EB-BC1BB4CF49A9}.Release|ARM.Deploy.0 = Release|ARM
		{2732A115-F26D-4378-84EB-BC1BB4CF49A9}.Release|iPhone.ActiveCfg = Release|x86
		{2732A115-F26D-4378-84EB-BC1BB4CF49A9}.Release|iPhoneSimulator.ActiveCfg = Release|x86
		{2732A115-F26D-4378-84EB-BC1BB4CF49A9}.Release|x64.ActiveCfg = Release|x64
		{2732A115-F26D-4378-84EB-BC1BB4CF49A9}.Release|x64.Build.0 = Release|x64
		{2732A115-F26D-4378-84EB-BC1BB4CF49A9}.Release|x64.Deploy.0 = Release|x64
		{2732A115-F26D-4378-84EB-BC1BB4CF49A9}.Release|x86.ActiveCfg = Release|x86
		{2732A115-F26D-4378-84EB-BC1BB4CF49A9}.Release|x86.Build.0 = Release|x86
		{2732A115-F26D-4378-84EB-BC1BB4CF49A9}.Release|x86.Deploy.0 = Release|x86
		{633F3631-93C8-42BF-A64B-D3ADAF853070}.Ad-Hoc|Any CPU.ActiveCfg = Ad-Hoc|iPhone
		{633F3631-93C8-42BF-A64B-D3ADAF853070}.Ad-Hoc|ARM.ActiveCfg = Ad-Hoc|iPhone
		{633F3631-93C8-42BF-A64B-D3ADAF853070}.Ad-Hoc|iPhone.ActiveCfg = Ad-Hoc|iPhone
		{633F3631-93C8-42BF-A64B-D3ADAF853070}.Ad-Hoc|iPhone.Build.0 = Ad-Hoc|iPhone
		{633F3631-93C8-42BF-A64B-D3ADAF853070}.Ad-Hoc|iPhoneSimulator.ActiveCfg = Ad-Hoc|iPhoneSimulator
		{633F3631-93C8-42BF-A64B-D3ADAF853070}.Ad-Hoc|iPhoneSimulator.Build.0 = Ad-Hoc|iPhoneSimulator
		{633F3631-93C8-42BF-A64B-D3ADAF853070}.Ad-Hoc|x64.ActiveCfg = Ad-Hoc|iPhone
		{633F3631-93C8-42BF-A64B-D3ADAF853070}.Ad-Hoc|x86.ActiveCfg = Ad-Hoc|iPhone
		{633F3631-93C8-42BF-A64B-D3ADAF853070}.AppStore|Any CPU.ActiveCfg = AppStore|iPhone
		{633F3631-93C8-42BF-A64B-D3ADAF853070}.AppStore|ARM.ActiveCfg = AppStore|iPhone
		{633F3631-93C8-42BF-A64B-D3ADAF853070}.AppStore|iPhone.ActiveCfg = AppStore|iPhone
		{633F3631-93C8-42BF-A64B-D3ADAF853070}.AppStore|iPhone.Build.0 = AppStore|iPhone
		{633F3631-93C8-42BF-A64B-D3ADAF853070}.AppStore|iPhoneSimulator.ActiveCfg = AppStore|iPhoneSimulator
		{633F3631-93C8-42BF-A64B-D3ADAF853070}.AppStore|iPhoneSimulator.Build.0 = AppStore|iPhoneSimulator
		{633F3631-93C8-42BF-A64B-D3ADAF853070}.AppStore|x64.ActiveCfg = AppStore|iPhone
		{633F3631-93C8-42BF-A64B-D3ADAF853070}.AppStore|x86.ActiveCfg = AppStore|iPhone
		{633F3631-93C8-42BF-A64B-D3ADAF853070}.Debug|Any CPU.ActiveCfg = Debug|iPhone
		{633F3631-93C8-42BF-A64B-D3ADAF853070}.Debug|ARM.ActiveCfg = Debug|iPhone
		{633F3631-93C8-42BF-A64B-D3ADAF853070}.Debug|iPhone.ActiveCfg = Debug|iPhone
		{633F3631-93C8-42BF-A64B-D3ADAF853070}.Debug|iPhone.Build.0 = Debug|iPhone
		{633F3631-93C8-42BF-A64B-D3ADAF853070}.Debug|iPhoneSimulator.ActiveCfg = Debug|iPhoneSimulator
		{633F3631-93C8-42BF-A64B-D3ADAF853070}.Debug|iPhoneSimulator.Build.0 = Debug|iPhoneSimulator
		{633F3631-93C8-42BF-A64B-D3ADAF853070}.Debug|x64.ActiveCfg = Debug|iPhone
		{633F3631-93C8-42BF-A64B-D3ADAF853070}.Debug|x86.ActiveCfg = Debug|iPhone
		{633F3631-93C8-42BF-A64B-D3ADAF853070}.Release|Any CPU.ActiveCfg = Release|iPhone
		{633F3631-93C8-42BF-A64B-D3ADAF853070}.Release|ARM.ActiveCfg = Release|iPhone
		{633F3631-93C8-42BF-A64B-D3ADAF853070}.Release|iPhone.ActiveCfg = Release|iPhone
		{633F3631-93C8-42BF-A64B-D3ADAF853070}.Release|iPhone.Build.0 = Release|iPhone
		{633F3631-93C8-42BF-A64B-D3ADAF853070}.Release|iPhoneSimulator.ActiveCfg = Release|iPhoneSimulator
		{633F3631-93C8-42BF-A64B-D3ADAF853070}.Release|iPhoneSimulator.Build.0 = Release|iPhoneSimulator
		{633F3631-93C8-42BF-A64B-D3ADAF853070}.Release|x64.ActiveCfg = Release|iPhone
		{633F3631-93C8-42BF-A64B-D3ADAF853070}.Release|x86.ActiveCfg = Release|iPhone
	EndGlobalSection
	GlobalSection(SolutionProperties) = preSolution
		HideSolutionNode = FALSE
	EndGlobalSection
EndGlobal
